// !$*UTF8*$!
{
	archiveVersion = 1;
	classes = {
	};
	objectVersion = 46;
	objects = {

/* Begin PBXBuildFile section */
		E1C091F71E00774B00A41283 /* maybe.framework in Frameworks */ = {isa = PBXBuildFile; fileRef = E1C091ED1E00774A00A41283 /* maybe.framework */; };
		E1C091FC1E00774B00A41283 /* maybeTests.swift in Sources */ = {isa = PBXBuildFile; fileRef = E1C091FB1E00774B00A41283 /* maybeTests.swift */; };
		E1C091FE1E00774B00A41283 /* maybe.h in Headers */ = {isa = PBXBuildFile; fileRef = E1C091F01E00774B00A41283 /* maybe.h */; settings = {ATTRIBUTES = (Public, ); }; };
		E1C092081E007A9C00A41283 /* type.swift in Sources */ = {isa = PBXBuildFile; fileRef = E1C092071E007A9C00A41283 /* type.swift */; };
		E1C0920A1E009AA700A41283 /* TestingTransform.swift in Sources */ = {isa = PBXBuildFile; fileRef = E1C092091E009AA700A41283 /* TestingTransform.swift */; };
/* End PBXBuildFile section */

/* Begin PBXContainerItemProxy section */
		E1C091F81E00774B00A41283 /* PBXContainerItemProxy */ = {
			isa = PBXContainerItemProxy;
			containerPortal = E1C091E41E00774A00A41283 /* Project object */;
			proxyType = 1;
			remoteGlobalIDString = E1C091EC1E00774A00A41283;
			remoteInfo = maybe;
		};
/* End PBXContainerItemProxy section */

/* Begin PBXFileReference section */
		E1C091ED1E00774A00A41283 /* maybe.framework */ = {isa = PBXFileReference; explicitFileType = wrapper.framework; includeInIndex = 0; path = maybe.framework; sourceTree = BUILT_PRODUCTS_DIR; };
		E1C091F01E00774B00A41283 /* maybe.h */ = {isa = PBXFileReference; lastKnownFileType = sourcecode.c.h; path = maybe.h; sourceTree = "<group>"; };
		E1C091F11E00774B00A41283 /* Info.plist */ = {isa = PBXFileReference; lastKnownFileType = text.plist.xml; path = Info.plist; sourceTree = "<group>"; };
		E1C091F61E00774B00A41283 /* maybeTests.xctest */ = {isa = PBXFileReference; explicitFileType = wrapper.cfbundle; includeInIndex = 0; path = maybeTests.xctest; sourceTree = BUILT_PRODUCTS_DIR; };
		E1C091FB1E00774B00A41283 /* maybeTests.swift */ = {isa = PBXFileReference; lastKnownFileType = sourcecode.swift; path = maybeTests.swift; sourceTree = "<group>"; };
		E1C091FD1E00774B00A41283 /* Info.plist */ = {isa = PBXFileReference; lastKnownFileType = text.plist.xml; path = Info.plist; sourceTree = "<group>"; };
		E1C092071E007A9C00A41283 /* type.swift */ = {isa = PBXFileReference; fileEncoding = 4; lastKnownFileType = sourcecode.swift; path = type.swift; sourceTree = "<group>"; };
		E1C092091E009AA700A41283 /* TestingTransform.swift */ = {isa = PBXFileReference; fileEncoding = 4; lastKnownFileType = sourcecode.swift; path = TestingTransform.swift; sourceTree = "<group>"; };
/* End PBXFileReference section */

/* Begin PBXFrameworksBuildPhase section */
		E1C091E91E00774A00A41283 /* Frameworks */ = {
			isa = PBXFrameworksBuildPhase;
			buildActionMask = 2147483647;
			files = (
			);
			runOnlyForDeploymentPostprocessing = 0;
		};
		E1C091F31E00774B00A41283 /* Frameworks */ = {
			isa = PBXFrameworksBuildPhase;
			buildActionMask = 2147483647;
			files = (
				E1C091F71E00774B00A41283 /* maybe.framework in Frameworks */,
			);
			runOnlyForDeploymentPostprocessing = 0;
		};
/* End PBXFrameworksBuildPhase section */

/* Begin PBXGroup section */
		E1C091E31E00774A00A41283 = {
			isa = PBXGroup;
			children = (
				E1C091EF1E00774A00A41283 /* maybe */,
				E1C091FA1E00774B00A41283 /* maybeTests */,
				E1C091EE1E00774A00A41283 /* Products */,
			);
			sourceTree = "<group>";
		};
		E1C091EE1E00774A00A41283 /* Products */ = {
			isa = PBXGroup;
			children = (
				E1C091ED1E00774A00A41283 /* maybe.framework */,
				E1C091F61E00774B00A41283 /* maybeTests.xctest */,
			);
			name = Products;
			sourceTree = "<group>";
		};
		E1C091EF1E00774A00A41283 /* maybe */ = {
			isa = PBXGroup;
			children = (
				E1C091F01E00774B00A41283 /* maybe.h */,
				E1C091F11E00774B00A41283 /* Info.plist */,
				E1C092071E007A9C00A41283 /* type.swift */,
			);
			path = maybe;
			sourceTree = "<group>";
		};
		E1C091FA1E00774B00A41283 /* maybeTests */ = {
			isa = PBXGroup;
			children = (
				E1C091FB1E00774B00A41283 /* maybeTests.swift */,
				E1C091FD1E00774B00A41283 /* Info.plist */,
				E1C092091E009AA700A41283 /* TestingTransform.swift */,
			);
			path = maybeTests;
			sourceTree = "<group>";
		};
/* End PBXGroup section */

/* Begin PBXHeadersBuildPhase section */
		E1C091EA1E00774A00A41283 /* Headers */ = {
			isa = PBXHeadersBuildPhase;
			buildActionMask = 2147483647;
			files = (
				E1C091FE1E00774B00A41283 /* maybe.h in Headers */,
			);
			runOnlyForDeploymentPostprocessing = 0;
		};
/* End PBXHeadersBuildPhase section */

/* Begin PBXNativeTarget section */
		E1C091EC1E00774A00A41283 /* maybe */ = {
			isa = PBXNativeTarget;
			buildConfigurationList = E1C092011E00774B00A41283 /* Build configuration list for PBXNativeTarget "maybe" */;
			buildPhases = (
				E1C091E81E00774A00A41283 /* Sources */,
				E1C091E91E00774A00A41283 /* Frameworks */,
				E1C091EA1E00774A00A41283 /* Headers */,
				E1C091EB1E00774A00A41283 /* Resources */,
			);
			buildRules = (
			);
			dependencies = (
			);
			name = maybe;
			productName = maybe;
			productReference = E1C091ED1E00774A00A41283 /* maybe.framework */;
			productType = "com.apple.product-type.framework";
		};
		E1C091F51E00774B00A41283 /* maybeTests */ = {
			isa = PBXNativeTarget;
			buildConfigurationList = E1C092041E00774B00A41283 /* Build configuration list for PBXNativeTarget "maybeTests" */;
			buildPhases = (
				E1C091F21E00774B00A41283 /* Sources */,
				E1C091F31E00774B00A41283 /* Frameworks */,
				E1C091F41E00774B00A41283 /* Resources */,
			);
			buildRules = (
			);
			dependencies = (
				E1C091F91E00774B00A41283 /* PBXTargetDependency */,
			);
			name = maybeTests;
			productName = maybeTests;
			productReference = E1C091F61E00774B00A41283 /* maybeTests.xctest */;
			productType = "com.apple.product-type.bundle.unit-test";
		};
/* End PBXNativeTarget section */

/* Begin PBXProject section */
		E1C091E41E00774A00A41283 /* Project object */ = {
			isa = PBXProject;
			attributes = {
				LastSwiftUpdateCheck = 0810;
				LastUpgradeCheck = 0810;
				ORGANIZATIONNAME = "Amy Roberson";
				TargetAttributes = {
					E1C091EC1E00774A00A41283 = {
						CreatedOnToolsVersion = 8.1;
						DevelopmentTeam = N75G8FC36Y;
						LastSwiftMigration = 0810;
						ProvisioningStyle = Automatic;
					};
					E1C091F51E00774B00A41283 = {
						CreatedOnToolsVersion = 8.1;
						DevelopmentTeam = N75G8FC36Y;
						ProvisioningStyle = Automatic;
					};
				};
			};
			buildConfigurationList = E1C091E71E00774A00A41283 /* Build configuration list for PBXProject "maybe" */;
			compatibilityVersion = "Xcode 3.2";
			developmentRegion = English;
			hasScannedForEncodings = 0;
			knownRegions = (
				en,
			);
			mainGroup = E1C091E31E00774A00A41283;
			productRefGroup = E1C091EE1E00774A00A41283 /* Products */;
			projectDirPath = "";
			projectRoot = "";
			targets = (
				E1C091EC1E00774A00A41283 /* maybe */,
				E1C091F51E00774B00A41283 /* maybeTests */,
			);
		};
/* End PBXProject section */

/* Begin PBXResourcesBuildPhase section */
		E1C091EB1E00774A00A41283 /* Resources */ = {
			isa = PBXResourcesBuildPhase;
			buildActionMask = 2147483647;
			files = (
			);
			runOnlyForDeploymentPostprocessing = 0;
		};
		E1C091F41E00774B00A41283 /* Resources */ = {
			isa = PBXResourcesBuildPhase;
			buildActionMask = 2147483647;
			files = (
			);
			runOnlyForDeploymentPostprocessing = 0;
		};
/* End PBXResourcesBuildPhase section */

/* Begin PBXSourcesBuildPhase section */
		E1C091E81E00774A00A41283 /* Sources */ = {
			isa = PBXSourcesBuildPhase;
			buildActionMask = 2147483647;
			files = (
				E1C092081E007A9C00A41283 /* type.swift in Sources */,
			);
			runOnlyForDeploymentPostprocessing = 0;
		};
		E1C091F21E00774B00A41283 /* Sources */ = {
			isa = PBXSourcesBuildPhase;
			buildActionMask = 2147483647;
			files = (
				E1C091FC1E00774B00A41283 /* maybeTests.swift in Sources */,
				E1C0920A1E009AA700A41283 /* TestingTransform.swift in Sources */,
			);
			runOnlyForDeploymentPostprocessing = 0;
		};
/* End PBXSourcesBuildPhase section */

/* Begin PBXTargetDependency section */
		E1C091F91E00774B00A41283 /* PBXTargetDependency */ = {
			isa = PBXTargetDependency;
			target = E1C091EC1E00774A00A41283 /* maybe */;
			targetProxy = E1C091F81E00774B00A41283 /* PBXContainerItemProxy */;
		};
/* End PBXTargetDependency section */

/* Begin XCBuildConfiguration section */
		E1C091FF1E00774B00A41283 /* Debug */ = {
			isa = XCBuildConfiguration;
			buildSettings = {
				ALWAYS_SEARCH_USER_PATHS = NO;
				CLANG_ANALYZER_NONNULL = YES;
				CLANG_CXX_LANGUAGE_STANDARD = "gnu++0x";
				CLANG_CXX_LIBRARY = "libc++";
				CLANG_ENABLE_MODULES = YES;
				CLANG_ENABLE_OBJC_ARC = YES;
				CLANG_WARN_BOOL_CONVERSION = YES;
				CLANG_WARN_CONSTANT_CONVERSION = YES;
				CLANG_WARN_DIRECT_OBJC_ISA_USAGE = YES_ERROR;
				CLANG_WARN_DOCUMENTATION_COMMENTS = YES;
				CLANG_WARN_EMPTY_BODY = YES;
				CLANG_WARN_ENUM_CONVERSION = YES;
				CLANG_WARN_INFINITE_RECURSION = YES;
				CLANG_WARN_INT_CONVERSION = YES;
				CLANG_WARN_OBJC_ROOT_CLASS = YES_ERROR;
				CLANG_WARN_SUSPICIOUS_MOVES = YES;
				CLANG_WARN_UNREACHABLE_CODE = YES;
				CLANG_WARN__DUPLICATE_METHOD_MATCH = YES;
				CODE_SIGN_IDENTITY = "-";
				COPY_PHASE_STRIP = NO;
				CURRENT_PROJECT_VERSION = 1;
				DEBUG_INFORMATION_FORMAT = dwarf;
				ENABLE_STRICT_OBJC_MSGSEND = YES;
				ENABLE_TESTABILITY = YES;
				GCC_C_LANGUAGE_STANDARD = gnu99;
				GCC_DYNAMIC_NO_PIC = NO;
				GCC_NO_COMMON_BLOCKS = YES;
				GCC_OPTIMIZATION_LEVEL = 0;
				GCC_PREPROCESSOR_DEFINITIONS = (
					"DEBUG=1",
					"$(inherited)",
				);
				GCC_WARN_64_TO_32_BIT_CONVERSION = YES;
				GCC_WARN_ABOUT_RETURN_TYPE = YES_ERROR;
				GCC_WARN_UNDECLARED_SELECTOR = YES;
				GCC_WARN_UNINITIALIZED_AUTOS = YES_AGGRESSIVE;
				GCC_WARN_UNUSED_FUNCTION = YES;
				GCC_WARN_UNUSED_VARIABLE = YES;
				MACOSX_DEPLOYMENT_TARGET = 10.11;
				MTL_ENABLE_DEBUG_INFO = YES;
				ONLY_ACTIVE_ARCH = YES;
				SDKROOT = macosx;
				SWIFT_ACTIVE_COMPILATION_CONDITIONS = DEBUG;
				SWIFT_OPTIMIZATION_LEVEL = "-Onone";
				VERSIONING_SYSTEM = "apple-generic";
				VERSION_INFO_PREFIX = "";
			};
			name = Debug;
		};
		E1C092001E00774B00A41283 /* Release */ = {
			isa = XCBuildConfiguration;
			buildSettings = {
				ALWAYS_SEARCH_USER_PATHS = NO;
				CLANG_ANALYZER_NONNULL = YES;
				CLANG_CXX_LANGUAGE_STANDARD = "gnu++0x";
				CLANG_CXX_LIBRARY = "libc++";
				CLANG_ENABLE_MODULES = YES;
				CLANG_ENABLE_OBJC_ARC = YES;
				CLANG_WARN_BOOL_CONVERSION = YES;
				CLANG_WARN_CONSTANT_CONVERSION = YES;
				CLANG_WARN_DIRECT_OBJC_ISA_USAGE = YES_ERROR;
				CLANG_WARN_DOCUMENTATION_COMMENTS = YES;
				CLANG_WARN_EMPTY_BODY = YES;
				CLANG_WARN_ENUM_CONVERSION = YES;
				CLANG_WARN_INFINITE_RECURSION = YES;
				CLANG_WARN_INT_CONVERSION = YES;
				CLANG_WARN_OBJC_ROOT_CLASS = YES_ERROR;
				CLANG_WARN_SUSPICIOUS_MOVES = YES;
				CLANG_WARN_UNREACHABLE_CODE = YES;
				CLANG_WARN__DUPLICATE_METHOD_MATCH = YES;
				CODE_SIGN_IDENTITY = "-";
				COPY_PHASE_STRIP = NO;
				CURRENT_PROJECT_VERSION = 1;
				DEBUG_INFORMATION_FORMAT = "dwarf-with-dsym";
				ENABLE_NS_ASSERTIONS = NO;
				ENABLE_STRICT_OBJC_MSGSEND = YES;
				GCC_C_LANGUAGE_STANDARD = gnu99;
				GCC_NO_COMMON_BLOCKS = YES;
				GCC_WARN_64_TO_32_BIT_CONVERSION = YES;
				GCC_WARN_ABOUT_RETURN_TYPE = YES_ERROR;
				GCC_WARN_UNDECLARED_SELECTOR = YES;
				GCC_WARN_UNINITIALIZED_AUTOS = YES_AGGRESSIVE;
				GCC_WARN_UNUSED_FUNCTION = YES;
				GCC_WARN_UNUSED_VARIABLE = YES;
				MACOSX_DEPLOYMENT_TARGET = 10.11;
				MTL_ENABLE_DEBUG_INFO = NO;
				SDKROOT = macosx;
				SWIFT_OPTIMIZATION_LEVEL = "-Owholemodule";
				VERSIONING_SYSTEM = "apple-generic";
				VERSION_INFO_PREFIX = "";
			};
			name = Release;
		};
		E1C092021E00774B00A41283 /* Debug */ = {
			isa = XCBuildConfiguration;
			buildSettings = {
				CLANG_ENABLE_MODULES = YES;
				CODE_SIGN_IDENTITY = "";
				COMBINE_HIDPI_IMAGES = YES;
				DEFINES_MODULE = YES;
				DEVELOPMENT_TEAM = N75G8FC36Y;
				DYLIB_COMPATIBILITY_VERSION = 1;
				DYLIB_CURRENT_VERSION = 1;
				DYLIB_INSTALL_NAME_BASE = "@rpath";
				FRAMEWORK_VERSION = A;
				INFOPLIST_FILE = maybe/Info.plist;
				INSTALL_PATH = "$(LOCAL_LIBRARY_DIR)/Frameworks";
				LD_RUNPATH_SEARCH_PATHS = "$(inherited) @executable_path/../Frameworks @loader_path/Frameworks";
				PRODUCT_BUNDLE_IDENTIFIER = xyz.roberson.amy.maybe;
				PRODUCT_NAME = "$(TARGET_NAME)";
				SKIP_INSTALL = YES;
				SWIFT_OPTIMIZATION_LEVEL = "-Onone";
				SWIFT_VERSION = 3.0;
			};
			name = Debug;
		};
		E1C092031E00774B00A41283 /* Release */ = {
			isa = XCBuildConfiguration;
			buildSettings = {
				CLANG_ENABLE_MODULES = YES;
				CODE_SIGN_IDENTITY = "";
				COMBINE_HIDPI_IMAGES = YES;
				DEFINES_MODULE = YES;
				DEVELOPMENT_TEAM = N75G8FC36Y;
				DYLIB_COMPATIBILITY_VERSION = 1;
				DYLIB_CURRENT_VERSION = 1;
				DYLIB_INSTALL_NAME_BASE = "@rpath";
				FRAMEWORK_VERSION = A;
				INFOPLIST_FILE = maybe/Info.plist;
				INSTALL_PATH = "$(LOCAL_LIBRARY_DIR)/Frameworks";
				LD_RUNPATH_SEARCH_PATHS = "$(inherited) @executable_path/../Frameworks @loader_path/Frameworks";
				PRODUCT_BUNDLE_IDENTIFIER = xyz.roberson.amy.maybe;
				PRODUCT_NAME = "$(TARGET_NAME)";
				SKIP_INSTALL = YES;
				SWIFT_VERSION = 3.0;
			};
			name = Release;
		};
		E1C092051E00774B00A41283 /* Debug */ = {
			isa = XCBuildConfiguration;
			buildSettings = {
				ALWAYS_EMBED_SWIFT_STANDARD_LIBRARIES = YES;
				COMBINE_HIDPI_IMAGES = YES;
				DEVELOPMENT_TEAM = N75G8FC36Y;
				INFOPLIST_FILE = maybeTests/Info.plist;
				LD_RUNPATH_SEARCH_PATHS = "$(inherited) @executable_path/../Frameworks @loader_path/../Frameworks";
				PRODUCT_BUNDLE_IDENTIFIER = xyz.roberson.amy.maybeTests;
				PRODUCT_NAME = "$(TARGET_NAME)";
				SWIFT_VERSION = 3.0;
			};
			name = Debug;
		};
		E1C092061E00774B00A41283 /* Release */ = {
			isa = XCBuildConfiguration;
			buildSettings = {
				ALWAYS_EMBED_SWIFT_STANDARD_LIBRARIES = YES;
				COMBINE_HIDPI_IMAGES = YES;
				DEVELOPMENT_TEAM = N75G8FC36Y;
				INFOPLIST_FILE = maybeTests/Info.plist;
				LD_RUNPATH_SEARCH_PATHS = "$(inherited) @executable_path/../Frameworks @loader_path/../Frameworks";
				PRODUCT_BUNDLE_IDENTIFIER = xyz.roberson.amy.maybeTests;
				PRODUCT_NAME = "$(TARGET_NAME)";
				SWIFT_VERSION = 3.0;
			};
			name = Release;
		};
/* End XCBuildConfiguration section */

/* Begin XCConfigurationList section */
		E1C091E71E00774A00A41283 /* Build configuration list for PBXProject "maybe" */ = {
			isa = XCConfigurationList;
			buildConfigurations = (
				E1C091FF1E00774B00A41283 /* Debug */,
				E1C092001E00774B00A41283 /* Release */,
			);
			defaultConfigurationIsVisible = 0;
			defaultConfigurationName = Release;
		};
		E1C092011E00774B00A41283 /* Build configuration list for PBXNativeTarget "maybe" */ = {
			isa = XCConfigurationList;
			buildConfigurations = (
				E1C092021E00774B00A41283 /* Debug */,
				E1C092031E00774B00A41283 /* Release */,
			);
			defaultConfigurationIsVisible = 0;
		};
		E1C092041E00774B00A41283 /* Build configuration list for PBXNativeTarget "maybeTests" */ = {
			isa = XCConfigurationList;
			buildConfigurations = (
				E1C092051E00774B00A41283 /* Debug */,
				E1C092061E00774B00A41283 /* Release */,
			);
			defaultConfigurationIsVisible = 0;
		};
/* End XCConfigurationList section */
	};
	rootObject = E1C091E41E00774A00A41283 /* Project object */;
}
